<?xml version="1.0" encoding="utf-8"?>
<Project ToolsVersion="4.0" xmlns="http://schemas.microsoft.com/developer/msbuild/2003">
  <ItemGroup>
    <Filter Include="Source Files">
      <UniqueIdentifier>{4FC737F1-C7A5-4376-A066-2A32D752A2FF}</UniqueIdentifier>
      <Extensions>cpp;c;cc;cxx;def;odl;idl;hpj;bat;asm;asmx</Extensions>
    </Filter>
    <Filter Include="Header Files">
      <UniqueIdentifier>{93995380-89BD-4b04-88EB-625FBE52EBFB}</UniqueIdentifier>
      <Extensions>h;hh;hpp;hxx;hm;inl;inc;xsd</Extensions>
    </Filter>
    <Filter Include="Source Files\States">
      <UniqueIdentifier>{b96a741c-2cd2-42b5-9bd1-820b651b4aec}</UniqueIdentifier>
    </Filter>
    <Filter Include="Header Files\States">
      <UniqueIdentifier>{f2b766f1-d54a-4668-b23c-69e30941a628}</UniqueIdentifier>
    </Filter>
    <Filter Include="Header Files\Graphics">
      <UniqueIdentifier>{92a134d8-cca3-4cf9-a332-bcd4d6218647}</UniqueIdentifier>
    </Filter>
    <Filter Include="Header Files\Graphics\Resources">
      <UniqueIdentifier>{bd89b985-a7ea-4fa0-9ea1-1cf12284cb46}</UniqueIdentifier>
    </Filter>
    <Filter Include="Source Files\Graphics">
      <UniqueIdentifier>{5551f847-4c5e-4a3b-bb56-929a74fd37ed}</UniqueIdentifier>
    </Filter>
    <Filter Include="Source Files\Graphics\Resources">
      <UniqueIdentifier>{c905e4ac-a86b-44a0-a66a-ee3dfddf7ce9}</UniqueIdentifier>
    </Filter>
  </ItemGroup>
  <ItemGroup>
    <None Include="AutoWateringSystem.ino" />
  </ItemGroup>
  <ItemGroup>
    <ClInclude Include="__vm\.AutoWateringSystem.vsarduino.h">
      <Filter>Header Files</Filter>
    </ClInclude>
    <ClInclude Include="Graphics.h">
      <Filter>Header Files</Filter>
    </ClInclude>
    <ClInclude Include="WateringSystem.h">
      <Filter>Header Files</Filter>
    </ClInclude>
    <ClInclude Include="WaterPump.h">
      <Filter>Header Files</Filter>
    </ClInclude>
    <ClInclude Include="WaterSensor.h">
      <Filter>Header Files</Filter>
    </ClInclude>
    <ClInclude Include="AmbientalSensor.h">
      <Filter>Header Files</Filter>
    </ClInclude>
    <ClInclude Include="PinReservation.h">
      <Filter>Header Files</Filter>
    </ClInclude>
    <ClInclude Include="ToggleSwitch.h">
      <Filter>Header Files</Filter>
    </ClInclude>
    <ClInclude Include="CpuSpinner.h">
      <Filter>Header Files</Filter>
    </ClInclude>
    <ClInclude Include="SystemState.h">
      <Filter>Header Files\States</Filter>
    </ClInclude>
    <ClInclude Include="UserOverridenWateringState.h">
      <Filter>Header Files\States</Filter>
    </ClInclude>
    <ClInclude Include="IdleSystemState.h">
      <Filter>Header Files\States</Filter>
    </ClInclude>
    <ClInclude Include="ResourceStreamer.h">
      <Filter>Header Files\Graphics</Filter>
    </ClInclude>
    <ClInclude Include="XbmImage.h">
      <Filter>Header Files\Graphics</Filter>
    </ClInclude>
    <ClInclude Include="HumidityImg.h">
      <Filter>Header Files\Graphics\Resources</Filter>
    </ClInclude>
    <ClInclude Include="SunImg.h">
      <Filter>Header Files\Graphics\Resources</Filter>
    </ClInclude>
    <ClInclude Include="WateringCanImg.h">
      <Filter>Header Files\Graphics\Resources</Filter>
    </ClInclude>
    <ClInclude Include="WateringManImg.h">
      <Filter>Header Files\Graphics\Resources</Filter>
    </ClInclude>
  </ItemGroup>
  <ItemGroup>
    <ClCompile Include="Graphics.cpp">
      <Filter>Source Files</Filter>
    </ClCompile>
    <ClCompile Include="WateringSystem.cpp">
      <Filter>Source Files</Filter>
    </ClCompile>
    <ClCompile Include="WaterPump.cpp">
      <Filter>Source Files</Filter>
    </ClCompile>
    <ClCompile Include="WaterSensor.cpp">
      <Filter>Source Files</Filter>
    </ClCompile>
    <ClCompile Include="AmbientalSensor.cpp">
      <Filter>Source Files</Filter>
    </ClCompile>
    <ClCompile Include="ToggleSwitch.cpp">
      <Filter>Source Files</Filter>
    </ClCompile>
    <ClCompile Include="CpuSpinner.cpp">
      <Filter>Source Files</Filter>
    </ClCompile>
    <ClCompile Include="UserOverridenWateringState.cpp">
      <Filter>Source Files\States</Filter>
    </ClCompile>
    <ClCompile Include="SystemState.cpp">
      <Filter>Source Files\States</Filter>
    </ClCompile>
    <ClCompile Include="IdleSystemState.cpp">
      <Filter>Source Files\States</Filter>
    </ClCompile>
    <ClCompile Include="ResourceStreamer.cpp">
      <Filter>Source Files\Graphics</Filter>
    </ClCompile>
    <ClCompile Include="HumidityImg.cpp">
      <Filter>Source Files\Graphics\Resources</Filter>
    </ClCompile>
    <ClCompile Include="SunImg.cpp">
      <Filter>Source Files\Graphics\Resources</Filter>
    </ClCompile>
    <ClCompile Include="WateringCanImg.cpp">
      <Filter>Source Files\Graphics\Resources</Filter>
    </ClCompile>
    <ClCompile Include="WateringManImg.cpp">
      <Filter>Source Files\Graphics\Resources</Filter>
    </ClCompile>
  </ItemGroup>
</Project>