<?xml version="1.0" encoding="utf-8"?>
<Project ToolsVersion="4.0" xmlns="http://schemas.microsoft.com/developer/msbuild/2003">
  <ItemGroup>
    <Filter Include="Source Files">
      <UniqueIdentifier>{4FC737F1-C7A5-4376-A066-2A32D752A2FF}</UniqueIdentifier>
      <Extensions>cpp;c;cc;cxx;def;odl;idl;hpj;bat;asm;asmx</Extensions>
    </Filter>
    <Filter Include="Header Files">
      <UniqueIdentifier>{93995380-89BD-4b04-88EB-625FBE52EBFB}</UniqueIdentifier>
      <Extensions>h;hh;hpp;hxx;hm;inl;inc;xsd</Extensions>
    </Filter>
    <Filter Include="Resource Files">
      <UniqueIdentifier>{67DA6AB6-F800-4c08-8B7A-83BB121AAD01}</UniqueIdentifier>
      <Extensions>rc;ico;cur;bmp;dlg;rc2;rct;bin;rgs;gif;jpg;jpeg;jpe;resx;tiff;tif;png;wav;mfcribbon-ms</Extensions>
    </Filter>
    <Filter Include="Source Files\States">
      <UniqueIdentifier>{b96a741c-2cd2-42b5-9bd1-820b651b4aec}</UniqueIdentifier>
    </Filter>
    <Filter Include="Header Files\States">
      <UniqueIdentifier>{f2b766f1-d54a-4668-b23c-69e30941a628}</UniqueIdentifier>
    </Filter>
  </ItemGroup>
  <ItemGroup>
    <None Include="AutoWateringSystem.ino" />
  </ItemGroup>
  <ItemGroup>
    <ClInclude Include="__vm\.AutoWateringSystem.vsarduino.h">
      <Filter>Header Files</Filter>
    </ClInclude>
    <ClInclude Include="Graphics.h">
      <Filter>Header Files</Filter>
    </ClInclude>
    <ClInclude Include="WateringSystem.h">
      <Filter>Header Files</Filter>
    </ClInclude>
    <ClInclude Include="WaterPump.h">
      <Filter>Header Files</Filter>
    </ClInclude>
    <ClInclude Include="WaterSensor.h">
      <Filter>Header Files</Filter>
    </ClInclude>
    <ClInclude Include="AmbientalSensor.h">
      <Filter>Header Files</Filter>
    </ClInclude>
    <ClInclude Include="PinReservation.h">
      <Filter>Header Files</Filter>
    </ClInclude>
    <ClInclude Include="ToggleSwitch.h">
      <Filter>Header Files</Filter>
    </ClInclude>
    <ClInclude Include="CpuSpinner.h">
      <Filter>Header Files</Filter>
    </ClInclude>
    <ClInclude Include="SystemState.h">
      <Filter>Header Files\States</Filter>
    </ClInclude>
    <ClInclude Include="UserOverridenWateringState.h">
      <Filter>Header Files\States</Filter>
    </ClInclude>
  </ItemGroup>
  <ItemGroup>
    <ClCompile Include="Graphics.cpp">
      <Filter>Source Files</Filter>
    </ClCompile>
    <ClCompile Include="WateringSystem.cpp">
      <Filter>Source Files</Filter>
    </ClCompile>
    <ClCompile Include="WaterPump.cpp">
      <Filter>Source Files</Filter>
    </ClCompile>
    <ClCompile Include="WaterSensor.cpp">
      <Filter>Source Files</Filter>
    </ClCompile>
    <ClCompile Include="AmbientalSensor.cpp">
      <Filter>Source Files</Filter>
    </ClCompile>
    <ClCompile Include="ToggleSwitch.cpp">
      <Filter>Source Files</Filter>
    </ClCompile>
    <ClCompile Include="CpuSpinner.cpp">
      <Filter>Source Files</Filter>
    </ClCompile>
    <ClCompile Include="UserOverridenWateringState.cpp">
      <Filter>Source Files\States</Filter>
    </ClCompile>
    <ClCompile Include="SystemState.cpp">
      <Filter>Source Files\States</Filter>
    </ClCompile>
  </ItemGroup>
</Project>